
Microsoft Visual Studio Solution File, Format Version 12.00
# Visual Studio Version 16
VisualStudioVersion = 16.0.32106.194
MinimumVisualStudioVersion = 10.0.40219.1
Project("{FAE04EC0-301F-11D3-BF4B-00C04F79EFBC}") = "Search_Algorithms", "Search_algorithms\Search_Algorithms.csproj", "{DFCA7926-147B-4460-A95B-D8013FDDCE54}"
EndProject
Project("{FAE04EC0-301F-11D3-BF4B-00C04F79EFBC}") = "Search_Algorithms.Test", "Search_Algorithms.Test\Search_Algorithms.Test.csproj", "{8F1A55DE-CEF9-4808-BA82-8D4307BF17C9}"
EndProject
Global
	GlobalSection(SolutionConfigurationPlatforms) = preSolution
		Debug|Any CPU = Debug|Any CPU
		Release|Any CPU = Release|Any CPU
	EndGlobalSection
	GlobalSection(ProjectConfigurationPlatforms) = postSolution
		{DFCA7926-147B-4460-A95B-D8013FDDCE54}.Debug|Any CPU.ActiveCfg = Debug|Any CPU
		{DFCA7926-147B-4460-A95B-D8013FDDCE54}.Debug|Any CPU.Build.0 = Debug|Any CPU
		{DFCA7926-147B-4460-A95B-D8013FDDCE54}.Release|Any CPU.ActiveCfg = Release|Any CPU
		{DFCA7926-147B-4460-A95B-D8013FDDCE54}.Release|Any CPU.Build.0 = Release|Any CPU
		{8F1A55DE-CEF9-4808-BA82-8D4307BF17C9}.Debug|Any CPU.ActiveCfg = Debug|Any CPU
		{8F1A55DE-CEF9-4808-BA82-8D4307BF17C9}.Debug|Any CPU.Build.0 = Debug|Any CPU
		{8F1A55DE-CEF9-4808-BA82-8D4307BF17C9}.Release|Any CPU.ActiveCfg = Release|Any CPU
		{8F1A55DE-CEF9-4808-BA82-8D4307BF17C9}.Release|Any CPU.Build.0 = Release|Any CPU
	EndGlobalSection
	GlobalSection(SolutionProperties) = preSolution
		HideSolutionNode = FALSE
	EndGlobalSection
	GlobalSection(ExtensibilityGlobals) = postSolution
		SolutionGuid = {2954178C-52CE-4AFB-9892-B8F796AF1EE8}
	EndGlobalSection
EndGlobal
